// !$*UTF8*$!
{
	archiveVersion = 1;
	classes = {
	};
	objectVersion = 77;
	objects = {

/* Begin PBXBuildFile section */
		84B790042EC188FC0072B672 /* Notifications.swift in Sources */ = {isa = PBXBuildFile; fileRef = 84B78FF22EC184C20072B672 /* Notifications.swift */; };
		84B790052EC1890B0072B672 /* ContentView.swift in Sources */ = {isa = PBXBuildFile; fileRef = 84B78FFC2EC186470072B672 /* ContentView.swift */; };
		84B790062EC1891B0072B672 /* GenerateUserID.swift in Sources */ = {isa = PBXBuildFile; fileRef = 84B78FF32EC184E80072B672 /* GenerateUserID.swift */; };
		84B790072EC189270072B672 /* WelcomeScreen.swift in Sources */ = {isa = PBXBuildFile; fileRef = 84B78FFB2EC185F20072B672 /* WelcomeScreen.swift */; };
		84B790082EC1892A0072B672 /* HealthPermissions.swift in Sources */ = {isa = PBXBuildFile; fileRef = 84B78FFA2EC185CC0072B672 /* HealthPermissions.swift */; };
		84B790092EC1892E0072B672 /* ThankYouScreen.swift in Sources */ = {isa = PBXBuildFile; fileRef = 84B78FF92EC185B60072B672 /* ThankYouScreen.swift */; };
		84B7900A2EC189310072B672 /* Settings.swift in Sources */ = {isa = PBXBuildFile; fileRef = 84B78FF82EC185A10072B672 /* Settings.swift */; };
		84B7900B2EC189350072B672 /* SleepSummary.swift in Sources */ = {isa = PBXBuildFile; fileRef = 84B78FF72EC185740072B672 /* SleepSummary.swift */; };
		84B7900C2EC189380072B672 /* HomeScreen.swift in Sources */ = {isa = PBXBuildFile; fileRef = 84B78FF62EC185490072B672 /* HomeScreen.swift */; };
		84B7900D2EC1893B0072B672 /* SetupScreen.swift in Sources */ = {isa = PBXBuildFile; fileRef = 84B78FF52EC185320072B672 /* SetupScreen.swift */; };
		84B7900E2EC189410072B672 /* SleepSyncer.swift in Sources */ = {isa = PBXBuildFile; fileRef = 84B78FF12EC184950072B672 /* SleepSyncer.swift */; };
		84B7900F2EC189480072B672 /* SupabaseClient.swift in Sources */ = {isa = PBXBuildFile; fileRef = 84B78FEF2EC184390072B672 /* SupabaseClient.swift */; };
		84B790122EC18A270072B672 /* Supabase in Frameworks */ = {isa = PBXBuildFile; productRef = 84B790112EC18A270072B672 /* Supabase */; };
		84B790132EC18A500072B672 /* DeviceIDProvider.swift in Sources */ = {isa = PBXBuildFile; fileRef = 84B78FFD2EC186500072B672 /* DeviceIDProvider.swift */; };
		84B790142EC18A510072B672 /* StreakManager.swift in Sources */ = {isa = PBXBuildFile; fileRef = 84B78FFE2EC186510072B672 /* StreakManager.swift */; };
		96CF7A062EEAA30A00DF9ECC /* AboutStudyView.swift in Sources */ = {isa = PBXBuildFile; fileRef = 96CF7A052EEAA30A00DF9ECC /* AboutStudyView.swift */; };
		84B790152EC189500072B672 /* NotSharingSleepDataView.swift in Sources */ = {isa = PBXBuildFile; fileRef = 84B790152EC1894F0072B672 /* NotSharingSleepDataView.swift */; };
/* End PBXBuildFile section */

/* Begin PBXContainerItemProxy section */
		84B78FCC2EC1831B0072B672 /* PBXContainerItemProxy */ = {
			isa = PBXContainerItemProxy;
			containerPortal = 84B78FB62EC1831A0072B672 /* Project object */;
			proxyType = 1;
			remoteGlobalIDString = 84B78FBD2EC1831A0072B672;
			remoteInfo = Inoxity;
		};
		84B78FD62EC1831B0072B672 /* PBXContainerItemProxy */ = {
			isa = PBXContainerItemProxy;
			containerPortal = 84B78FB62EC1831A0072B672 /* Project object */;
			proxyType = 1;
			remoteGlobalIDString = 84B78FBD2EC1831A0072B672;
			remoteInfo = Inoxity;
		};
/* End PBXContainerItemProxy section */

/* Begin PBXFileReference section */
		84B78FBE2EC1831A0072B672 /* Inoxity.app */ = {isa = PBXFileReference; explicitFileType = wrapper.application; includeInIndex = 0; path = Inoxity.app; sourceTree = BUILT_PRODUCTS_DIR; };
		84B78FCB2EC1831B0072B672 /* InoxityTests.xctest */ = {isa = PBXFileReference; explicitFileType = wrapper.cfbundle; includeInIndex = 0; path = InoxityTests.xctest; sourceTree = BUILT_PRODUCTS_DIR; };
		84B78FD52EC1831B0072B672 /* InoxityUITests.xctest */ = {isa = PBXFileReference; explicitFileType = wrapper.cfbundle; includeInIndex = 0; path = InoxityUITests.xctest; sourceTree = BUILT_PRODUCTS_DIR; };
		84B78FEF2EC184390072B672 /* SupabaseClient.swift */ = {isa = PBXFileReference; lastKnownFileType = sourcecode.swift; path = SupabaseClient.swift; sourceTree = "<group>"; };
		84B78FF12EC184950072B672 /* SleepSyncer.swift */ = {isa = PBXFileReference; lastKnownFileType = sourcecode.swift; path = SleepSyncer.swift; sourceTree = "<group>"; };
		84B78FF22EC184C20072B672 /* Notifications.swift */ = {isa = PBXFileReference; lastKnownFileType = sourcecode.swift; path = Notifications.swift; sourceTree = "<group>"; };
		84B78FF32EC184E80072B672 /* GenerateUserID.swift */ = {isa = PBXFileReference; lastKnownFileType = sourcecode.swift; path = GenerateUserID.swift; sourceTree = "<group>"; };
		84B78FF52EC185320072B672 /* SetupScreen.swift */ = {isa = PBXFileReference; lastKnownFileType = sourcecode.swift; path = SetupScreen.swift; sourceTree = "<group>"; };
		84B78FF62EC185490072B672 /* HomeScreen.swift */ = {isa = PBXFileReference; lastKnownFileType = sourcecode.swift; path = HomeScreen.swift; sourceTree = "<group>"; };
		84B78FF72EC185740072B672 /* SleepSummary.swift */ = {isa = PBXFileReference; lastKnownFileType = sourcecode.swift; path = SleepSummary.swift; sourceTree = "<group>"; };
		84B78FF82EC185A10072B672 /* Settings.swift */ = {isa = PBXFileReference; lastKnownFileType = sourcecode.swift; path = Settings.swift; sourceTree = "<group>"; };
		84B78FF92EC185B60072B672 /* ThankYouScreen.swift */ = {isa = PBXFileReference; lastKnownFileType = sourcecode.swift; path = ThankYouScreen.swift; sourceTree = "<group>"; };
		84B78FFA2EC185CC0072B672 /* HealthPermissions.swift */ = {isa = PBXFileReference; lastKnownFileType = sourcecode.swift; path = HealthPermissions.swift; sourceTree = "<group>"; };
		84B78FFB2EC185F20072B672 /* WelcomeScreen.swift */ = {isa = PBXFileReference; lastKnownFileType = sourcecode.swift; path = WelcomeScreen.swift; sourceTree = "<group>"; };
		84B78FFC2EC186470072B672 /* ContentView.swift */ = {isa = PBXFileReference; lastKnownFileType = sourcecode.swift; path = ContentView.swift; sourceTree = "<group>"; };
		84B78FFD2EC186500072B672 /* DeviceIDProvider.swift */ = {isa = PBXFileReference; lastKnownFileType = sourcecode.swift; path = DeviceIDProvider.swift; sourceTree = "<group>"; };
		84B78FFE2EC186510072B672 /* StreakManager.swift */ = {isa = PBXFileReference; lastKnownFileType = sourcecode.swift; path = StreakManager.swift; sourceTree = "<group>"; };
		96CF7A052EEAA30A00DF9ECC /* AboutStudyView.swift */ = {isa = PBXFileReference; lastKnownFileType = sourcecode.swift; path = AboutStudyView.swift; sourceTree = "<group>"; };
		84B790152EC1894F0072B672 /* NotSharingSleepDataView.swift */ = {isa = PBXFileReference; lastKnownFileType = sourcecode.swift; path = NotSharingSleepDataView.swift; sourceTree = "<group>"; };
/* End PBXFileReference section */

/* Begin PBXFileSystemSynchronizedBuildFileExceptionSet section */
		84B790202EC18D000072B672 /* Exceptions for "Inoxity" folder in "Inoxity" target */ = {
			isa = PBXFileSystemSynchronizedBuildFileExceptionSet;
			membershipExceptions = (
				Info.plist,
			);
			target = 84B78FBD2EC1831A0072B672 /* Inoxity */;
		};
/* End PBXFileSystemSynchronizedBuildFileExceptionSet section */

/* Begin PBXFileSystemSynchronizedRootGroup section */
		84B78FC02EC1831A0072B672 /* Inoxity */ = {
			isa = PBXFileSystemSynchronizedRootGroup;
			exceptions = (
				84B790202EC18D000072B672 /* Exceptions for "Inoxity" folder in "Inoxity" target */,
			);
			path = Inoxity;
			sourceTree = "<group>";
		};
		84B78FCE2EC1831B0072B672 /* InoxityTests */ = {
			isa = PBXFileSystemSynchronizedRootGroup;
			path = InoxityTests;
			sourceTree = "<group>";
		};
		84B78FD82EC1831B0072B672 /* InoxityUITests */ = {
			isa = PBXFileSystemSynchronizedRootGroup;
			path = InoxityUITests;
			sourceTree = "<group>";
		};
/* End PBXFileSystemSynchronizedRootGroup section */

/* Begin PBXFrameworksBuildPhase section */
		84B78FBB2EC1831A0072B672 /* Frameworks */ = {
			isa = PBXFrameworksBuildPhase;
			buildActionMask = 2147483647;
			files = (
				84B790122EC18A270072B672 /* Supabase in Frameworks */,
			);
			runOnlyForDeploymentPostprocessing = 0;
		};
		84B78FC82EC1831B0072B672 /* Frameworks */ = {
			isa = PBXFrameworksBuildPhase;
			buildActionMask = 2147483647;
			files = (
			);
			runOnlyForDeploymentPostprocessing = 0;
		};
		84B78FD22EC1831B0072B672 /* Frameworks */ = {
			isa = PBXFrameworksBuildPhase;
			buildActionMask = 2147483647;
			files = (
			);
			runOnlyForDeploymentPostprocessing = 0;
		};
/* End PBXFrameworksBuildPhase section */

/* Begin PBXGroup section */
		84B78FB52EC1831A0072B672 = {
			isa = PBXGroup;
			children = (
				84B78FFD2EC1866C0072B672 /* Tests */,
				84B78FF42EC185170072B672 /* UI */,
				84B78FF02EC1848A0072B672 /* Services */,
				84B78FEE2EC1842D0072B672 /* Data */,
				84B78FC02EC1831A0072B672 /* Inoxity */,
				84B790102EC18A180072B672 /* Frameworks */,
				84B78FBF2EC1831A0072B672 /* Products */,
			);
			sourceTree = "<group>";
		};
		84B78FBF2EC1831A0072B672 /* Products */ = {
			isa = PBXGroup;
			children = (
				84B78FBE2EC1831A0072B672 /* Inoxity.app */,
				84B78FCB2EC1831B0072B672 /* InoxityTests.xctest */,
				84B78FD52EC1831B0072B672 /* InoxityUITests.xctest */,
			);
			name = Products;
			sourceTree = "<group>";
		};
		84B78FEE2EC1842D0072B672 /* Data */ = {
			isa = PBXGroup;
			children = (
				84B78FEF2EC184390072B672 /* SupabaseClient.swift */,
			);
			path = Data;
			sourceTree = "<group>";
		};
		84B78FF02EC1848A0072B672 /* Services */ = {
			isa = PBXGroup;
			children = (
				84B78FFD2EC186500072B672 /* DeviceIDProvider.swift */,
				84B78FF32EC184E80072B672 /* GenerateUserID.swift */,
				84B78FF22EC184C20072B672 /* Notifications.swift */,
				84B78FF12EC184950072B672 /* SleepSyncer.swift */,
				84B78FFE2EC186510072B672 /* StreakManager.swift */,
			);
			path = Services;
			sourceTree = "<group>";
		};
		84B78FF42EC185170072B672 /* UI */ = {
			isa = PBXGroup;
			children = (
				96CF7A052EEAA30A00DF9ECC /* AboutStudyView.swift */,
				84B78FFC2EC186470072B672 /* ContentView.swift */,
				84B78FFB2EC185F20072B672 /* WelcomeScreen.swift */,
				84B78FFA2EC185CC0072B672 /* HealthPermissions.swift */,
				84B78FF92EC185B60072B672 /* ThankYouScreen.swift */,
				84B790152EC1894F0072B672 /* NotSharingSleepDataView.swift */,
				84B78FF82EC185A10072B672 /* Settings.swift */,
				84B78FF72EC185740072B672 /* SleepSummary.swift */,
				84B78FF62EC185490072B672 /* HomeScreen.swift */,
				84B78FF52EC185320072B672 /* SetupScreen.swift */,
			);
			path = UI;
			sourceTree = "<group>";
		};
		84B78FFD2EC1866C0072B672 /* Tests */ = {
			isa = PBXGroup;
			children = (
				84B78FCE2EC1831B0072B672 /* InoxityTests */,
				84B78FD82EC1831B0072B672 /* InoxityUITests */,
			);
			path = Tests;
			sourceTree = "<group>";
		};
		84B790102EC18A180072B672 /* Frameworks */ = {
			isa = PBXGroup;
			children = (
			);
			name = Frameworks;
			sourceTree = "<group>";
		};
/* End PBXGroup section */

/* Begin PBXNativeTarget section */
		84B78FBD2EC1831A0072B672 /* Inoxity */ = {
			isa = PBXNativeTarget;
			buildConfigurationList = 84B78FDF2EC1831B0072B672 /* Build configuration list for PBXNativeTarget "Inoxity" */;
			buildPhases = (
				84B78FBA2EC1831A0072B672 /* Sources */,
				84B78FBB2EC1831A0072B672 /* Frameworks */,
				84B78FBC2EC1831A0072B672 /* Resources */,
			);
			buildRules = (
			);
			dependencies = (
			);
			fileSystemSynchronizedGroups = (
				84B78FC02EC1831A0072B672 /* Inoxity */,
			);
			name = Inoxity;
			packageProductDependencies = (
				84B790112EC18A270072B672 /* Supabase */,
			);
			productName = Inoxity;
			productReference = 84B78FBE2EC1831A0072B672 /* Inoxity.app */;
			productType = "com.apple.product-type.application";
		};
		84B78FCA2EC1831B0072B672 /* InoxityTests */ = {
			isa = PBXNativeTarget;
			buildConfigurationList = 84B78FE22EC1831B0072B672 /* Build configuration list for PBXNativeTarget "InoxityTests" */;
			buildPhases = (
				84B78FC72EC1831B0072B672 /* Sources */,
				84B78FC82EC1831B0072B672 /* Frameworks */,
				84B78FC92EC1831B0072B672 /* Resources */,
			);
			buildRules = (
			);
			dependencies = (
				84B78FCD2EC1831B0072B672 /* PBXTargetDependency */,
			);
			fileSystemSynchronizedGroups = (
				84B78FCE2EC1831B0072B672 /* InoxityTests */,
			);
			name = InoxityTests;
			packageProductDependencies = (
			);
			productName = InoxityTests;
			productReference = 84B78FCB2EC1831B0072B672 /* InoxityTests.xctest */;
			productType = "com.apple.product-type.bundle.unit-test";
		};
		84B78FD42EC1831B0072B672 /* InoxityUITests */ = {
			isa = PBXNativeTarget;
			buildConfigurationList = 84B78FE52EC1831B0072B672 /* Build configuration list for PBXNativeTarget "InoxityUITests" */;
			buildPhases = (
				84B78FD12EC1831B0072B672 /* Sources */,
				84B78FD22EC1831B0072B672 /* Frameworks */,
				84B78FD32EC1831B0072B672 /* Resources */,
			);
			buildRules = (
			);
			dependencies = (
				84B78FD72EC1831B0072B672 /* PBXTargetDependency */,
			);
			fileSystemSynchronizedGroups = (
				84B78FD82EC1831B0072B672 /* InoxityUITests */,
			);
			name = InoxityUITests;
			packageProductDependencies = (
			);
			productName = InoxityUITests;
			productReference = 84B78FD52EC1831B0072B672 /* InoxityUITests.xctest */;
			productType = "com.apple.product-type.bundle.ui-testing";
		};
/* End PBXNativeTarget section */

/* Begin PBXProject section */
		84B78FB62EC1831A0072B672 /* Project object */ = {
			isa = PBXProject;
			attributes = {
				BuildIndependentTargetsInParallel = 1;
				LastSwiftUpdateCheck = 2610;
				LastUpgradeCheck = 2610;
				TargetAttributes = {
					84B78FBD2EC1831A0072B672 = {
						CreatedOnToolsVersion = 26.1;
					};
					84B78FCA2EC1831B0072B672 = {
						CreatedOnToolsVersion = 26.1;
						TestTargetID = 84B78FBD2EC1831A0072B672;
					};
					84B78FD42EC1831B0072B672 = {
						CreatedOnToolsVersion = 26.1;
						TestTargetID = 84B78FBD2EC1831A0072B672;
					};
				};
			};
			buildConfigurationList = 84B78FB92EC1831A0072B672 /* Build configuration list for PBXProject "Inoxity" */;
			developmentRegion = en;
			hasScannedForEncodings = 0;
			knownRegions = (
				en,
				Base,
			);
			mainGroup = 84B78FB52EC1831A0072B672;
			minimizedProjectReferenceProxies = 1;
			packageReferences = (
				84B790032EC187E50072B672 /* XCRemoteSwiftPackageReference "supabase-swift" */,
			);
			preferredProjectObjectVersion = 77;
			productRefGroup = 84B78FBF2EC1831A0072B672 /* Products */;
			projectDirPath = "";
			projectRoot = "";
			targets = (
				84B78FBD2EC1831A0072B672 /* Inoxity */,
				84B78FCA2EC1831B0072B672 /* InoxityTests */,
				84B78FD42EC1831B0072B672 /* InoxityUITests */,
			);
		};
/* End PBXProject section */

/* Begin PBXResourcesBuildPhase section */
		84B78FBC2EC1831A0072B672 /* Resources */ = {
			isa = PBXResourcesBuildPhase;
			buildActionMask = 2147483647;
			files = (
			);
			runOnlyForDeploymentPostprocessing = 0;
		};
		84B78FC92EC1831B0072B672 /* Resources */ = {
			isa = PBXResourcesBuildPhase;
			buildActionMask = 2147483647;
			files = (
			);
			runOnlyForDeploymentPostprocessing = 0;
		};
		84B78FD32EC1831B0072B672 /* Resources */ = {
			isa = PBXResourcesBuildPhase;
			buildActionMask = 2147483647;
			files = (
			);
			runOnlyForDeploymentPostprocessing = 0;
		};
/* End PBXResourcesBuildPhase section */

/* Begin PBXSourcesBuildPhase section */
		84B78FBA2EC1831A0072B672 /* Sources */ = {
			isa = PBXSourcesBuildPhase;
			buildActionMask = 2147483647;
			files = (
				84B790092EC1892E0072B672 /* ThankYouScreen.swift in Sources */,
				84B790082EC1892A0072B672 /* HealthPermissions.swift in Sources */,
				84B790152EC189500072B672 /* NotSharingSleepDataView.swift in Sources */,
				84B7900A2EC189310072B672 /* Settings.swift in Sources */,
				84B790132EC18A500072B672 /* DeviceIDProvider.swift in Sources */,
				84B790142EC18A510072B672 /* StreakManager.swift in Sources */,
				84B790042EC188FC0072B672 /* Notifications.swift in Sources */,
				84B7900B2EC189350072B672 /* SleepSummary.swift in Sources */,
				84B7900E2EC189410072B672 /* SleepSyncer.swift in Sources */,
				96CF7A062EEAA30A00DF9ECC /* AboutStudyView.swift in Sources */,
				84B7900C2EC189380072B672 /* HomeScreen.swift in Sources */,
				84B7900D2EC1893B0072B672 /* SetupScreen.swift in Sources */,
				84B790072EC189270072B672 /* WelcomeScreen.swift in Sources */,
				84B790062EC1891B0072B672 /* GenerateUserID.swift in Sources */,
				84B7900F2EC189480072B672 /* SupabaseClient.swift in Sources */,
				84B790052EC1890B0072B672 /* ContentView.swift in Sources */,
			);
			runOnlyForDeploymentPostprocessing = 0;
		};
		84B78FC72EC1831B0072B672 /* Sources */ = {
			isa = PBXSourcesBuildPhase;
			buildActionMask = 2147483647;
			files = (
			);
			runOnlyForDeploymentPostprocessing = 0;
		};
		84B78FD12EC1831B0072B672 /* Sources */ = {
			isa = PBXSourcesBuildPhase;
			buildActionMask = 2147483647;
			files = (
			);
			runOnlyForDeploymentPostprocessing = 0;
		};
/* End PBXSourcesBuildPhase section */

/* Begin PBXTargetDependency section */
		84B78FCD2EC1831B0072B672 /* PBXTargetDependency */ = {
			isa = PBXTargetDependency;
			target = 84B78FBD2EC1831A0072B672 /* Inoxity */;
			targetProxy = 84B78FCC2EC1831B0072B672 /* PBXContainerItemProxy */;
		};
		84B78FD72EC1831B0072B672 /* PBXTargetDependency */ = {
			isa = PBXTargetDependency;
			target = 84B78FBD2EC1831A0072B672 /* Inoxity */;
			targetProxy = 84B78FD62EC1831B0072B672 /* PBXContainerItemProxy */;
		};
/* End PBXTargetDependency section */

/* Begin XCBuildConfiguration section */
		84B78FDD2EC1831B0072B672 /* Debug */ = {
			isa = XCBuildConfiguration;
			buildSettings = {
				ALWAYS_SEARCH_USER_PATHS = NO;
				ASSETCATALOG_COMPILER_GENERATE_SWIFT_ASSET_SYMBOL_EXTENSIONS = YES;
				CLANG_ANALYZER_NONNULL = YES;
				CLANG_ANALYZER_NUMBER_OBJECT_CONVERSION = YES_AGGRESSIVE;
				CLANG_CXX_LANGUAGE_STANDARD = "gnu++20";
				CLANG_ENABLE_MODULES = YES;
				CLANG_ENABLE_OBJC_ARC = YES;
				CLANG_ENABLE_OBJC_WEAK = YES;
				CLANG_WARN_BLOCK_CAPTURE_AUTORELEASING = YES;
				CLANG_WARN_BOOL_CONVERSION = YES;
				CLANG_WARN_COMMA = YES;
				CLANG_WARN_CONSTANT_CONVERSION = YES;
				CLANG_WARN_DEPRECATED_OBJC_IMPLEMENTATIONS = YES;
				CLANG_WARN_DIRECT_OBJC_ISA_USAGE = YES_ERROR;
				CLANG_WARN_DOCUMENTATION_COMMENTS = YES;
				CLANG_WARN_EMPTY_BODY = YES;
				CLANG_WARN_ENUM_CONVERSION = YES;
				CLANG_WARN_INFINITE_RECURSION = YES;
				CLANG_WARN_INT_CONVERSION = YES;
				CLANG_WARN_NON_LITERAL_NULL_CONVERSION = YES;
				CLANG_WARN_OBJC_IMPLICIT_RETAIN_SELF = YES;
				CLANG_WARN_OBJC_LITERAL_CONVERSION = YES;
				CLANG_WARN_OBJC_ROOT_CLASS = YES_ERROR;
				CLANG_WARN_QUOTED_INCLUDE_IN_FRAMEWORK_HEADER = YES;
				CLANG_WARN_RANGE_LOOP_ANALYSIS = YES;
				CLANG_WARN_STRICT_PROTOTYPES = YES;
				CLANG_WARN_SUSPICIOUS_MOVE = YES;
				CLANG_WARN_UNGUARDED_AVAILABILITY = YES_AGGRESSIVE;
				CLANG_WARN_UNREACHABLE_CODE = YES;
				CLANG_WARN__DUPLICATE_METHOD_MATCH = YES;
				COPY_PHASE_STRIP = NO;
				DEBUG_INFORMATION_FORMAT = dwarf;
				DEVELOPMENT_TEAM = BG3424JAW4;
				ENABLE_STRICT_OBJC_MSGSEND = YES;
				ENABLE_TESTABILITY = YES;
				ENABLE_USER_SCRIPT_SANDBOXING = YES;
				GCC_C_LANGUAGE_STANDARD = gnu17;
				GCC_DYNAMIC_NO_PIC = NO;
				GCC_NO_COMMON_BLOCKS = YES;
				GCC_OPTIMIZATION_LEVEL = 0;
				GCC_PREPROCESSOR_DEFINITIONS = (
					"DEBUG=1",
					"$(inherited)",
				);
				GCC_WARN_64_TO_32_BIT_CONVERSION = YES;
				GCC_WARN_ABOUT_RETURN_TYPE = YES_ERROR;
				GCC_WARN_UNDECLARED_SELECTOR = YES;
				GCC_WARN_UNINITIALIZED_AUTOS = YES_AGGRESSIVE;
				GCC_WARN_UNUSED_FUNCTION = YES;
				GCC_WARN_UNUSED_VARIABLE = YES;
				IPHONEOS_DEPLOYMENT_TARGET = 26.1;
				LOCALIZATION_PREFERS_STRING_CATALOGS = YES;
				MTL_ENABLE_DEBUG_INFO = INCLUDE_SOURCE;
				MTL_FAST_MATH = YES;
				ONLY_ACTIVE_ARCH = YES;
				SDKROOT = iphoneos;
				SWIFT_ACTIVE_COMPILATION_CONDITIONS = "DEBUG $(inherited)";
				SWIFT_OPTIMIZATION_LEVEL = "-Onone";
			};
			name = Debug;
		};
		84B78FDE2EC1831B0072B672 /* Release */ = {
			isa = XCBuildConfiguration;
			buildSettings = {
				ALWAYS_SEARCH_USER_PATHS = NO;
				ASSETCATALOG_COMPILER_GENERATE_SWIFT_ASSET_SYMBOL_EXTENSIONS = YES;
				CLANG_ANALYZER_NONNULL = YES;
				CLANG_ANALYZER_NUMBER_OBJECT_CONVERSION = YES_AGGRESSIVE;
				CLANG_CXX_LANGUAGE_STANDARD = "gnu++20";
				CLANG_ENABLE_MODULES = YES;
				CLANG_ENABLE_OBJC_ARC = YES;
				CLANG_ENABLE_OBJC_WEAK = YES;
				CLANG_WARN_BLOCK_CAPTURE_AUTORELEASING = YES;
				CLANG_WARN_BOOL_CONVERSION = YES;
				CLANG_WARN_COMMA = YES;
				CLANG_WARN_CONSTANT_CONVERSION = YES;
				CLANG_WARN_DEPRECATED_OBJC_IMPLEMENTATIONS = YES;
				CLANG_WARN_DIRECT_OBJC_ISA_USAGE = YES_ERROR;
				CLANG_WARN_DOCUMENTATION_COMMENTS = YES;
				CLANG_WARN_EMPTY_BODY = YES;
				CLANG_WARN_ENUM_CONVERSION = YES;
				CLANG_WARN_INFINITE_RECURSION = YES;
				CLANG_WARN_INT_CONVERSION = YES;
				CLANG_WARN_NON_LITERAL_NULL_CONVERSION = YES;
				CLANG_WARN_OBJC_IMPLICIT_RETAIN_SELF = YES;
				CLANG_WARN_OBJC_LITERAL_CONVERSION = YES;
				CLANG_WARN_OBJC_ROOT_CLASS = YES_ERROR;
				CLANG_WARN_QUOTED_INCLUDE_IN_FRAMEWORK_HEADER = YES;
				CLANG_WARN_RANGE_LOOP_ANALYSIS = YES;
				CLANG_WARN_STRICT_PROTOTYPES = YES;
				CLANG_WARN_SUSPICIOUS_MOVE = YES;
				CLANG_WARN_UNGUARDED_AVAILABILITY = YES_AGGRESSIVE;
				CLANG_WARN_UNREACHABLE_CODE = YES;
				CLANG_WARN__DUPLICATE_METHOD_MATCH = YES;
				COPY_PHASE_STRIP = NO;
				DEBUG_INFORMATION_FORMAT = "dwarf-with-dsym";
				DEVELOPMENT_TEAM = BG3424JAW4;
				ENABLE_NS_ASSERTIONS = NO;
				ENABLE_STRICT_OBJC_MSGSEND = YES;
				ENABLE_USER_SCRIPT_SANDBOXING = YES;
				GCC_C_LANGUAGE_STANDARD = gnu17;
				GCC_NO_COMMON_BLOCKS = YES;
				GCC_WARN_64_TO_32_BIT_CONVERSION = YES;
				GCC_WARN_ABOUT_RETURN_TYPE = YES_ERROR;
				GCC_WARN_UNDECLARED_SELECTOR = YES;
				GCC_WARN_UNINITIALIZED_AUTOS = YES_AGGRESSIVE;
				GCC_WARN_UNUSED_FUNCTION = YES;
				GCC_WARN_UNUSED_VARIABLE = YES;
				IPHONEOS_DEPLOYMENT_TARGET = 26.1;
				LOCALIZATION_PREFERS_STRING_CATALOGS = YES;
				MTL_ENABLE_DEBUG_INFO = NO;
				MTL_FAST_MATH = YES;
				SDKROOT = iphoneos;
				SWIFT_COMPILATION_MODE = wholemodule;
				VALIDATE_PRODUCT = YES;
			};
			name = Release;
		};
		84B78FE02EC1831B0072B672 /* Debug */ = {
			isa = XCBuildConfiguration;
			buildSettings = {
				ASSETCATALOG_COMPILER_APPICON_NAME = AppIcon;
				ASSETCATALOG_COMPILER_GLOBAL_ACCENT_COLOR_NAME = AccentColor;
				CODE_SIGN_ENTITLEMENTS = Inoxity/Inoxity.entitlements;
				CODE_SIGN_IDENTITY = "Apple Development";
				CODE_SIGN_STYLE = Automatic;
				CURRENT_PROJECT_VERSION = 1;
				DEVELOPMENT_TEAM = BG3424JAW4;
				ENABLE_PREVIEWS = YES;
				GENERATE_INFOPLIST_FILE = YES;
				INFOPLIST_FILE = Inoxity/Info.plist;
				INFOPLIST_KEY_NSHealthUpdateUsageDescription = "This app requires access to your Health data for research purposes.";
				INFOPLIST_KEY_UIApplicationSceneManifest_Generation = YES;
				INFOPLIST_KEY_UIApplicationSupportsIndirectInputEvents = YES;
				INFOPLIST_KEY_UILaunchScreen_Generation = YES;
				INFOPLIST_KEY_UISupportedInterfaceOrientations_iPad = "UIInterfaceOrientationPortrait UIInterfaceOrientationPortraitUpsideDown UIInterfaceOrientationLandscapeLeft UIInterfaceOrientationLandscapeRight";
				INFOPLIST_KEY_UISupportedInterfaceOrientations_iPhone = "UIInterfaceOrientationPortrait UIInterfaceOrientationLandscapeLeft UIInterfaceOrientationLandscapeRight";
				LD_RUNPATH_SEARCH_PATHS = (
					"$(inherited)",
					"@executable_path/Frameworks",
				);
				MARKETING_VERSION = 1.0;
				PRODUCT_BUNDLE_IDENTIFIER = com.kee.inoxity;
				PRODUCT_NAME = "$(TARGET_NAME)";
				PROVISIONING_PROFILE_SPECIFIER = "";
				STRING_CATALOG_GENERATE_SYMBOLS = YES;
				SWIFT_APPROACHABLE_CONCURRENCY = YES;
				SWIFT_DEFAULT_ACTOR_ISOLATION = MainActor;
				SWIFT_EMIT_LOC_STRINGS = YES;
				SWIFT_UPCOMING_FEATURE_MEMBER_IMPORT_VISIBILITY = YES;
				SWIFT_VERSION = 5.0;
				TARGETED_DEVICE_FAMILY = "1,2";
			};
			name = Debug;
		};
		84B78FE12EC1831B0072B672 /* Release */ = {
			isa = XCBuildConfiguration;
			buildSettings = {
				ASSETCATALOG_COMPILER_APPICON_NAME = AppIcon;
				ASSETCATALOG_COMPILER_GLOBAL_ACCENT_COLOR_NAME = AccentColor;
				CODE_SIGN_ENTITLEMENTS = Inoxity/Inoxity.entitlements;
				CODE_SIGN_IDENTITY = "Apple Development";
				CODE_SIGN_STYLE = Automatic;
				CURRENT_PROJECT_VERSION = 1;
				DEVELOPMENT_TEAM = BG3424JAW4;
				ENABLE_PREVIEWS = YES;
				GENERATE_INFOPLIST_FILE = YES;
				INFOPLIST_FILE = Inoxity/Info.plist;
				INFOPLIST_KEY_NSHealthUpdateUsageDescription = "This app requires access to your Health data for research purposes.";
				INFOPLIST_KEY_UIApplicationSceneManifest_Generation = YES;
				INFOPLIST_KEY_UIApplicationSupportsIndirectInputEvents = YES;
				INFOPLIST_KEY_UILaunchScreen_Generation = YES;
				INFOPLIST_KEY_UISupportedInterfaceOrientations_iPad = "UIInterfaceOrientationPortrait UIInterfaceOrientationPortraitUpsideDown UIInterfaceOrientationLandscapeLeft UIInterfaceOrientationLandscapeRight";
				INFOPLIST_KEY_UISupportedInterfaceOrientations_iPhone = "UIInterfaceOrientationPortrait UIInterfaceOrientationLandscapeLeft UIInterfaceOrientationLandscapeRight";
				LD_RUNPATH_SEARCH_PATHS = (
					"$(inherited)",
					"@executable_path/Frameworks",
				);
				MARKETING_VERSION = 1.0;
				PRODUCT_BUNDLE_IDENTIFIER = com.kee.inoxity;
				PRODUCT_NAME = "$(TARGET_NAME)";
				PROVISIONING_PROFILE_SPECIFIER = "";
				STRING_CATALOG_GENERATE_SYMBOLS = YES;
				SWIFT_APPROACHABLE_CONCURRENCY = YES;
				SWIFT_DEFAULT_ACTOR_ISOLATION = MainActor;
				SWIFT_EMIT_LOC_STRINGS = YES;
				SWIFT_UPCOMING_FEATURE_MEMBER_IMPORT_VISIBILITY = YES;
				SWIFT_VERSION = 5.0;
				TARGETED_DEVICE_FAMILY = "1,2";
			};
			name = Release;
		};
		84B78FE32EC1831B0072B672 /* Debug */ = {
			isa = XCBuildConfiguration;
			buildSettings = {
				BUNDLE_LOADER = "$(TEST_HOST)";
				CODE_SIGN_STYLE = Automatic;
				CURRENT_PROJECT_VERSION = 1;
				DEVELOPMENT_TEAM = BG3424JAW4;
				GENERATE_INFOPLIST_FILE = YES;
				IPHONEOS_DEPLOYMENT_TARGET = 26.1;
				MARKETING_VERSION = 1.0;
				PRODUCT_BUNDLE_IDENTIFIER = com.kee.inoxityTests;
				PRODUCT_NAME = "$(TARGET_NAME)";
				STRING_CATALOG_GENERATE_SYMBOLS = NO;
				SWIFT_APPROACHABLE_CONCURRENCY = YES;
				SWIFT_EMIT_LOC_STRINGS = NO;
				SWIFT_UPCOMING_FEATURE_MEMBER_IMPORT_VISIBILITY = YES;
				SWIFT_VERSION = 5.0;
				TARGETED_DEVICE_FAMILY = "1,2";
				TEST_HOST = "$(BUILT_PRODUCTS_DIR)/Inoxity.app/$(BUNDLE_EXECUTABLE_FOLDER_PATH)/Inoxity";
			};
			name = Debug;
		};
		84B78FE42EC1831B0072B672 /* Release */ = {
			isa = XCBuildConfiguration;
			buildSettings = {
				BUNDLE_LOADER = "$(TEST_HOST)";
				CODE_SIGN_STYLE = Automatic;
				CURRENT_PROJECT_VERSION = 1;
				DEVELOPMENT_TEAM = BG3424JAW4;
				GENERATE_INFOPLIST_FILE = YES;
				IPHONEOS_DEPLOYMENT_TARGET = 26.1;
				MARKETING_VERSION = 1.0;
				PRODUCT_BUNDLE_IDENTIFIER = com.kee.inoxityTests;
				PRODUCT_NAME = "$(TARGET_NAME)";
				STRING_CATALOG_GENERATE_SYMBOLS = NO;
				SWIFT_APPROACHABLE_CONCURRENCY = YES;
				SWIFT_EMIT_LOC_STRINGS = NO;
				SWIFT_UPCOMING_FEATURE_MEMBER_IMPORT_VISIBILITY = YES;
				SWIFT_VERSION = 5.0;
				TARGETED_DEVICE_FAMILY = "1,2";
				TEST_HOST = "$(BUILT_PRODUCTS_DIR)/Inoxity.app/$(BUNDLE_EXECUTABLE_FOLDER_PATH)/Inoxity";
			};
			name = Release;
		};
		84B78FE62EC1831B0072B672 /* Debug */ = {
			isa = XCBuildConfiguration;
			buildSettings = {
				CODE_SIGN_STYLE = Automatic;
				CURRENT_PROJECT_VERSION = 1;
				DEVELOPMENT_TEAM = BG3424JAW4;
				GENERATE_INFOPLIST_FILE = YES;
				MARKETING_VERSION = 1.0;
				PRODUCT_BUNDLE_IDENTIFIER = com.kee.inoxityUITests;
				PRODUCT_NAME = "$(TARGET_NAME)";
				STRING_CATALOG_GENERATE_SYMBOLS = NO;
				SWIFT_APPROACHABLE_CONCURRENCY = YES;
				SWIFT_EMIT_LOC_STRINGS = NO;
				SWIFT_UPCOMING_FEATURE_MEMBER_IMPORT_VISIBILITY = YES;
				SWIFT_VERSION = 5.0;
				TARGETED_DEVICE_FAMILY = "1,2";
				TEST_TARGET_NAME = Inoxity;
			};
			name = Debug;
		};
		84B78FE72EC1831B0072B672 /* Release */ = {
			isa = XCBuildConfiguration;
			buildSettings = {
				CODE_SIGN_STYLE = Automatic;
				CURRENT_PROJECT_VERSION = 1;
				DEVELOPMENT_TEAM = BG3424JAW4;
				GENERATE_INFOPLIST_FILE = YES;
				MARKETING_VERSION = 1.0;
				PRODUCT_BUNDLE_IDENTIFIER = com.kee.inoxityUITests;
				PRODUCT_NAME = "$(TARGET_NAME)";
				STRING_CATALOG_GENERATE_SYMBOLS = NO;
				SWIFT_APPROACHABLE_CONCURRENCY = YES;
				SWIFT_EMIT_LOC_STRINGS = NO;
				SWIFT_UPCOMING_FEATURE_MEMBER_IMPORT_VISIBILITY = YES;
				SWIFT_VERSION = 5.0;
				TARGETED_DEVICE_FAMILY = "1,2";
				TEST_TARGET_NAME = Inoxity;
			};
			name = Release;
		};
/* End XCBuildConfiguration section */

/* Begin XCConfigurationList section */
		84B78FB92EC1831A0072B672 /* Build configuration list for PBXProject "Inoxity" */ = {
			isa = XCConfigurationList;
			buildConfigurations = (
				84B78FDD2EC1831B0072B672 /* Debug */,
				84B78FDE2EC1831B0072B672 /* Release */,
			);
			defaultConfigurationIsVisible = 0;
			defaultConfigurationName = Release;
		};
		84B78FDF2EC1831B0072B672 /* Build configuration list for PBXNativeTarget "Inoxity" */ = {
			isa = XCConfigurationList;
			buildConfigurations = (
				84B78FE02EC1831B0072B672 /* Debug */,
				84B78FE12EC1831B0072B672 /* Release */,
			);
			defaultConfigurationIsVisible = 0;
			defaultConfigurationName = Release;
		};
		84B78FE22EC1831B0072B672 /* Build configuration list for PBXNativeTarget "InoxityTests" */ = {
			isa = XCConfigurationList;
			buildConfigurations = (
				84B78FE32EC1831B0072B672 /* Debug */,
				84B78FE42EC1831B0072B672 /* Release */,
			);
			defaultConfigurationIsVisible = 0;
			defaultConfigurationName = Release;
		};
		84B78FE52EC1831B0072B672 /* Build configuration list for PBXNativeTarget "InoxityUITests" */ = {
			isa = XCConfigurationList;
			buildConfigurations = (
				84B78FE62EC1831B0072B672 /* Debug */,
				84B78FE72EC1831B0072B672 /* Release */,
			);
			defaultConfigurationIsVisible = 0;
			defaultConfigurationName = Release;
		};
/* End XCConfigurationList section */

/* Begin XCRemoteSwiftPackageReference section */
		84B790032EC187E50072B672 /* XCRemoteSwiftPackageReference "supabase-swift" */ = {
			isa = XCRemoteSwiftPackageReference;
			repositoryURL = "https://github.com/supabase-community/supabase-swift";
			requirement = {
				kind = upToNextMajorVersion;
				minimumVersion = 2.5.1;
			};
		};
/* End XCRemoteSwiftPackageReference section */

/* Begin XCSwiftPackageProductDependency section */
		84B790112EC18A270072B672 /* Supabase */ = {
			isa = XCSwiftPackageProductDependency;
			package = 84B790032EC187E50072B672 /* XCRemoteSwiftPackageReference "supabase-swift" */;
			productName = Supabase;
		};
/* End XCSwiftPackageProductDependency section */
	};
	rootObject = 84B78FB62EC1831A0072B672 /* Project object */;
}
